// !$*UTF8*$!
{
	archiveVersion = 1;
	classes = {
	};
	objectVersion = 50;
	objects = {

/* Begin PBXBuildFile section */
		F617BA20220BAEF0006AB5C7 /* main.cpp in Sources */ = {isa = PBXBuildFile; fileRef = F617BA1F220BAEF0006AB5C7 /* main.cpp */; };
		F638021122168B1600BE3902 /* main.cpp in Sources */ = {isa = PBXBuildFile; fileRef = F638021022168B1600BE3902 /* main.cpp */; };
		F638021C22168C5600BE3902 /* main.cpp in Sources */ = {isa = PBXBuildFile; fileRef = F638021B22168C5600BE3902 /* main.cpp */; };
		F6380227221696AD00BE3902 /* main.cpp in Sources */ = {isa = PBXBuildFile; fileRef = F6380226221696AD00BE3902 /* main.cpp */; };
		F65D01292276A77900714596 /* main.cpp in Sources */ = {isa = PBXBuildFile; fileRef = F65D01282276A77900714596 /* main.cpp */; };
		F65D01342276AB7700714596 /* main.cpp in Sources */ = {isa = PBXBuildFile; fileRef = F65D01332276AB7700714596 /* main.cpp */; };
		F6B62D54223CEF6A0008625E /* main.cpp in Sources */ = {isa = PBXBuildFile; fileRef = F6B62D53223CEF6A0008625E /* main.cpp */; };
		F6B62D5F223CF03E0008625E /* main.cpp in Sources */ = {isa = PBXBuildFile; fileRef = F6B62D5E223CF03E0008625E /* main.cpp */; };
/* End PBXBuildFile section */

/* Begin PBXCopyFilesBuildPhase section */
		F617BA1B220BAEF0006AB5C7 /* CopyFiles */ = {
			isa = PBXCopyFilesBuildPhase;
			buildActionMask = 2147483647;
			dstPath = /usr/share/man/man1/;
			dstSubfolderSpec = 0;
			files = (
			);
			runOnlyForDeploymentPostprocessing = 1;
		};
		F638020C22168B1600BE3902 /* CopyFiles */ = {
			isa = PBXCopyFilesBuildPhase;
			buildActionMask = 2147483647;
			dstPath = /usr/share/man/man1/;
			dstSubfolderSpec = 0;
			files = (
			);
			runOnlyForDeploymentPostprocessing = 1;
		};
		F638021722168C5500BE3902 /* CopyFiles */ = {
			isa = PBXCopyFilesBuildPhase;
			buildActionMask = 2147483647;
			dstPath = /usr/share/man/man1/;
			dstSubfolderSpec = 0;
			files = (
			);
			runOnlyForDeploymentPostprocessing = 1;
		};
		F6380222221696AD00BE3902 /* CopyFiles */ = {
			isa = PBXCopyFilesBuildPhase;
			buildActionMask = 2147483647;
			dstPath = /usr/share/man/man1/;
			dstSubfolderSpec = 0;
			files = (
			);
			runOnlyForDeploymentPostprocessing = 1;
		};
		F65D01242276A77900714596 /* CopyFiles */ = {
			isa = PBXCopyFilesBuildPhase;
			buildActionMask = 2147483647;
			dstPath = /usr/share/man/man1/;
			dstSubfolderSpec = 0;
			files = (
			);
			runOnlyForDeploymentPostprocessing = 1;
		};
		F65D012F2276AB7700714596 /* CopyFiles */ = {
			isa = PBXCopyFilesBuildPhase;
			buildActionMask = 2147483647;
			dstPath = /usr/share/man/man1/;
			dstSubfolderSpec = 0;
			files = (
			);
			runOnlyForDeploymentPostprocessing = 1;
		};
		F6B62D4F223CEF6A0008625E /* CopyFiles */ = {
			isa = PBXCopyFilesBuildPhase;
			buildActionMask = 2147483647;
			dstPath = /usr/share/man/man1/;
			dstSubfolderSpec = 0;
			files = (
			);
			runOnlyForDeploymentPostprocessing = 1;
		};
		F6B62D5A223CF03E0008625E /* CopyFiles */ = {
			isa = PBXCopyFilesBuildPhase;
			buildActionMask = 2147483647;
			dstPath = /usr/share/man/man1/;
			dstSubfolderSpec = 0;
			files = (
			);
			runOnlyForDeploymentPostprocessing = 1;
		};
/* End PBXCopyFilesBuildPhase section */

/* Begin PBXFileReference section */
		F617BA1D220BAEF0006AB5C7 /* connection-test */ = {isa = PBXFileReference; explicitFileType = "compiled.mach-o.executable"; includeInIndex = 0; path = "connection-test"; sourceTree = BUILT_PRODUCTS_DIR; };
		F617BA1F220BAEF0006AB5C7 /* main.cpp */ = {isa = PBXFileReference; lastKnownFileType = sourcecode.cpp.cpp; path = main.cpp; sourceTree = "<group>"; };
		F638020E22168B1600BE3902 /* server */ = {isa = PBXFileReference; explicitFileType = "compiled.mach-o.executable"; includeInIndex = 0; path = server; sourceTree = BUILT_PRODUCTS_DIR; };
		F638021022168B1600BE3902 /* main.cpp */ = {isa = PBXFileReference; lastKnownFileType = sourcecode.cpp.cpp; path = main.cpp; sourceTree = "<group>"; };
		F638021922168C5500BE3902 /* client */ = {isa = PBXFileReference; explicitFileType = "compiled.mach-o.executable"; includeInIndex = 0; path = client; sourceTree = BUILT_PRODUCTS_DIR; };
		F638021B22168C5600BE3902 /* main.cpp */ = {isa = PBXFileReference; lastKnownFileType = sourcecode.cpp.cpp; path = main.cpp; sourceTree = "<group>"; };
		F6380224221696AD00BE3902 /* web */ = {isa = PBXFileReference; explicitFileType = "compiled.mach-o.executable"; includeInIndex = 0; path = web; sourceTree = BUILT_PRODUCTS_DIR; };
		F6380226221696AD00BE3902 /* main.cpp */ = {isa = PBXFileReference; lastKnownFileType = sourcecode.cpp.cpp; path = main.cpp; sourceTree = "<group>"; };
		F65D01262276A77900714596 /* udp */ = {isa = PBXFileReference; explicitFileType = "compiled.mach-o.executable"; includeInIndex = 0; path = udp; sourceTree = BUILT_PRODUCTS_DIR; };
		F65D01282276A77900714596 /* main.cpp */ = {isa = PBXFileReference; lastKnownFileType = sourcecode.cpp.cpp; path = main.cpp; sourceTree = "<group>"; };
		F65D01312276AB7700714596 /* udp-client */ = {isa = PBXFileReference; explicitFileType = "compiled.mach-o.executable"; includeInIndex = 0; path = "udp-client"; sourceTree = BUILT_PRODUCTS_DIR; };
		F65D01332276AB7700714596 /* main.cpp */ = {isa = PBXFileReference; lastKnownFileType = sourcecode.cpp.cpp; path = main.cpp; sourceTree = "<group>"; };
		F6B62D51223CEF6A0008625E /* sock-client */ = {isa = PBXFileReference; explicitFileType = "compiled.mach-o.executable"; includeInIndex = 0; path = "sock-client"; sourceTree = BUILT_PRODUCTS_DIR; };
		F6B62D53223CEF6A0008625E /* main.cpp */ = {isa = PBXFileReference; lastKnownFileType = sourcecode.cpp.cpp; path = main.cpp; sourceTree = "<group>"; };
		F6B62D5C223CF03E0008625E /* sock-server */ = {isa = PBXFileReference; explicitFileType = "compiled.mach-o.executable"; includeInIndex = 0; path = "sock-server"; sourceTree = BUILT_PRODUCTS_DIR; };
		F6B62D5E223CF03E0008625E /* main.cpp */ = {isa = PBXFileReference; lastKnownFileType = sourcecode.cpp.cpp; path = main.cpp; sourceTree = "<group>"; };
/* End PBXFileReference section */

/* Begin PBXFrameworksBuildPhase section */
		F617BA1A220BAEF0006AB5C7 /* Frameworks */ = {
			isa = PBXFrameworksBuildPhase;
			buildActionMask = 2147483647;
			files = (
			);
			runOnlyForDeploymentPostprocessing = 0;
		};
		F638020B22168B1600BE3902 /* Frameworks */ = {
			isa = PBXFrameworksBuildPhase;
			buildActionMask = 2147483647;
			files = (
			);
			runOnlyForDeploymentPostprocessing = 0;
		};
		F638021622168C5500BE3902 /* Frameworks */ = {
			isa = PBXFrameworksBuildPhase;
			buildActionMask = 2147483647;
			files = (
			);
			runOnlyForDeploymentPostprocessing = 0;
		};
		F6380221221696AD00BE3902 /* Frameworks */ = {
			isa = PBXFrameworksBuildPhase;
			buildActionMask = 2147483647;
			files = (
			);
			runOnlyForDeploymentPostprocessing = 0;
		};
		F65D01232276A77900714596 /* Frameworks */ = {
			isa = PBXFrameworksBuildPhase;
			buildActionMask = 2147483647;
			files = (
			);
			runOnlyForDeploymentPostprocessing = 0;
		};
		F65D012E2276AB7700714596 /* Frameworks */ = {
			isa = PBXFrameworksBuildPhase;
			buildActionMask = 2147483647;
			files = (
			);
			runOnlyForDeploymentPostprocessing = 0;
		};
		F6B62D4E223CEF6A0008625E /* Frameworks */ = {
			isa = PBXFrameworksBuildPhase;
			buildActionMask = 2147483647;
			files = (
			);
			runOnlyForDeploymentPostprocessing = 0;
		};
		F6B62D59223CF03E0008625E /* Frameworks */ = {
			isa = PBXFrameworksBuildPhase;
			buildActionMask = 2147483647;
			files = (
			);
			runOnlyForDeploymentPostprocessing = 0;
		};
/* End PBXFrameworksBuildPhase section */

/* Begin PBXGroup section */
		F617BA1E220BAEF0006AB5C7 /* connection-test */ = {
			isa = PBXGroup;
			children = (
				F617BA1F220BAEF0006AB5C7 /* main.cpp */,
			);
			path = "connection-test";
			sourceTree = "<group>";
		};
		F638020F22168B1600BE3902 /* server */ = {
			isa = PBXGroup;
			children = (
				F638021022168B1600BE3902 /* main.cpp */,
			);
			path = server;
			sourceTree = "<group>";
		};
		F638021A22168C5600BE3902 /* client */ = {
			isa = PBXGroup;
			children = (
				F638021B22168C5600BE3902 /* main.cpp */,
			);
			path = client;
			sourceTree = "<group>";
		};
		F6380225221696AD00BE3902 /* web */ = {
			isa = PBXGroup;
			children = (
				F6380226221696AD00BE3902 /* main.cpp */,
			);
			path = web;
			sourceTree = "<group>";
		};
		F65D01272276A77900714596 /* udp */ = {
			isa = PBXGroup;
			children = (
				F65D01282276A77900714596 /* main.cpp */,
			);
			path = udp;
			sourceTree = "<group>";
		};
		F65D01322276AB7700714596 /* udp-client */ = {
			isa = PBXGroup;
			children = (
				F65D01332276AB7700714596 /* main.cpp */,
			);
			path = "udp-client";
			sourceTree = "<group>";
		};
		F69E331721E19B3900BE1BDB = {
			isa = PBXGroup;
			children = (
				F617BA1E220BAEF0006AB5C7 /* connection-test */,
				F638020F22168B1600BE3902 /* server */,
				F638021A22168C5600BE3902 /* client */,
				F6380225221696AD00BE3902 /* web */,
				F6B62D52223CEF6A0008625E /* sock-client */,
				F6B62D5D223CF03E0008625E /* sock-server */,
				F65D01272276A77900714596 /* udp */,
				F65D01322276AB7700714596 /* udp-client */,
				F69E332121E19B3900BE1BDB /* Products */,
			);
			sourceTree = "<group>";
		};
		F69E332121E19B3900BE1BDB /* Products */ = {
			isa = PBXGroup;
			children = (
				F617BA1D220BAEF0006AB5C7 /* connection-test */,
				F638020E22168B1600BE3902 /* server */,
				F638021922168C5500BE3902 /* client */,
				F6380224221696AD00BE3902 /* web */,
				F6B62D51223CEF6A0008625E /* sock-client */,
				F6B62D5C223CF03E0008625E /* sock-server */,
				F65D01262276A77900714596 /* udp */,
				F65D01312276AB7700714596 /* udp-client */,
			);
			name = Products;
			sourceTree = "<group>";
		};
		F6B62D52223CEF6A0008625E /* sock-client */ = {
			isa = PBXGroup;
			children = (
				F6B62D53223CEF6A0008625E /* main.cpp */,
			);
			path = "sock-client";
			sourceTree = "<group>";
		};
		F6B62D5D223CF03E0008625E /* sock-server */ = {
			isa = PBXGroup;
			children = (
				F6B62D5E223CF03E0008625E /* main.cpp */,
			);
			path = "sock-server";
			sourceTree = "<group>";
		};
/* End PBXGroup section */

/* Begin PBXNativeTarget section */
		F617BA1C220BAEF0006AB5C7 /* connection-test */ = {
			isa = PBXNativeTarget;
			buildConfigurationList = F617BA23220BAEF0006AB5C7 /* Build configuration list for PBXNativeTarget "connection-test" */;
			buildPhases = (
				F617BA19220BAEF0006AB5C7 /* Sources */,
				F617BA1A220BAEF0006AB5C7 /* Frameworks */,
				F617BA1B220BAEF0006AB5C7 /* CopyFiles */,
			);
			buildRules = (
			);
			dependencies = (
			);
			name = "connection-test";
			productName = OnlineTest1;
			productReference = F617BA1D220BAEF0006AB5C7 /* connection-test */;
			productType = "com.apple.product-type.tool";
		};
		F638020D22168B1600BE3902 /* server */ = {
			isa = PBXNativeTarget;
			buildConfigurationList = F638021422168B1600BE3902 /* Build configuration list for PBXNativeTarget "server" */;
			buildPhases = (
				F638020A22168B1600BE3902 /* Sources */,
				F638020B22168B1600BE3902 /* Frameworks */,
				F638020C22168B1600BE3902 /* CopyFiles */,
			);
			buildRules = (
			);
			dependencies = (
			);
			name = server;
			productName = server;
			productReference = F638020E22168B1600BE3902 /* server */;
			productType = "com.apple.product-type.tool";
		};
		F638021822168C5500BE3902 /* client */ = {
			isa = PBXNativeTarget;
			buildConfigurationList = F638021D22168C5600BE3902 /* Build configuration list for PBXNativeTarget "client" */;
			buildPhases = (
				F638021522168C5500BE3902 /* Sources */,
				F638021622168C5500BE3902 /* Frameworks */,
				F638021722168C5500BE3902 /* CopyFiles */,
			);
			buildRules = (
			);
			dependencies = (
			);
			name = client;
			productName = client;
			productReference = F638021922168C5500BE3902 /* client */;
			productType = "com.apple.product-type.tool";
		};
		F6380223221696AD00BE3902 /* web */ = {
			isa = PBXNativeTarget;
			buildConfigurationList = F6380228221696AD00BE3902 /* Build configuration list for PBXNativeTarget "web" */;
			buildPhases = (
				F6380220221696AD00BE3902 /* Sources */,
				F6380221221696AD00BE3902 /* Frameworks */,
				F6380222221696AD00BE3902 /* CopyFiles */,
			);
			buildRules = (
			);
			dependencies = (
			);
			name = web;
			productName = web;
			productReference = F6380224221696AD00BE3902 /* web */;
			productType = "com.apple.product-type.tool";
		};
		F65D01252276A77900714596 /* udp */ = {
			isa = PBXNativeTarget;
			buildConfigurationList = F65D012C2276A77900714596 /* Build configuration list for PBXNativeTarget "udp" */;
			buildPhases = (
				F65D01222276A77900714596 /* Sources */,
				F65D01232276A77900714596 /* Frameworks */,
				F65D01242276A77900714596 /* CopyFiles */,
			);
			buildRules = (
			);
			dependencies = (
			);
			name = udp;
			productName = udp;
			productReference = F65D01262276A77900714596 /* udp */;
			productType = "com.apple.product-type.tool";
		};
		F65D01302276AB7700714596 /* udp-client */ = {
			isa = PBXNativeTarget;
			buildConfigurationList = F65D01352276AB7700714596 /* Build configuration list for PBXNativeTarget "udp-client" */;
			buildPhases = (
				F65D012D2276AB7700714596 /* Sources */,
				F65D012E2276AB7700714596 /* Frameworks */,
				F65D012F2276AB7700714596 /* CopyFiles */,
			);
			buildRules = (
			);
			dependencies = (
			);
			name = "udp-client";
			productName = "udp-client";
			productReference = F65D01312276AB7700714596 /* udp-client */;
			productType = "com.apple.product-type.tool";
		};
		F6B62D50223CEF6A0008625E /* sock-client */ = {
			isa = PBXNativeTarget;
			buildConfigurationList = F6B62D57223CEF6A0008625E /* Build configuration list for PBXNativeTarget "sock-client" */;
			buildPhases = (
				F6B62D4D223CEF6A0008625E /* Sources */,
				F6B62D4E223CEF6A0008625E /* Frameworks */,
				F6B62D4F223CEF6A0008625E /* CopyFiles */,
			);
			buildRules = (
			);
			dependencies = (
			);
			name = "sock-client";
			productName = "sock-client";
			productReference = F6B62D51223CEF6A0008625E /* sock-client */;
			productType = "com.apple.product-type.tool";
		};
		F6B62D5B223CF03E0008625E /* sock-server */ = {
			isa = PBXNativeTarget;
			buildConfigurationList = F6B62D60223CF03E0008625E /* Build configuration list for PBXNativeTarget "sock-server" */;
			buildPhases = (
				F6B62D58223CF03E0008625E /* Sources */,
				F6B62D59223CF03E0008625E /* Frameworks */,
				F6B62D5A223CF03E0008625E /* CopyFiles */,
			);
			buildRules = (
			);
			dependencies = (
			);
			name = "sock-server";
			productName = "sock-server";
			productReference = F6B62D5C223CF03E0008625E /* sock-server */;
			productType = "com.apple.product-type.tool";
		};
/* End PBXNativeTarget section */

/* Begin PBXProject section */
		F69E331821E19B3900BE1BDB /* Project object */ = {
			isa = PBXProject;
			attributes = {
				LastUpgradeCheck = 1000;
				ORGANIZATIONNAME = "Jian He";
				TargetAttributes = {
					F617BA1C220BAEF0006AB5C7 = {
						CreatedOnToolsVersion = 10.0;
					};
					F638020D22168B1600BE3902 = {
						CreatedOnToolsVersion = 10.0;
					};
					F638021822168C5500BE3902 = {
						CreatedOnToolsVersion = 10.0;
					};
					F6380223221696AD00BE3902 = {
						CreatedOnToolsVersion = 10.0;
					};
					F65D01252276A77900714596 = {
						CreatedOnToolsVersion = 10.0;
					};
					F65D01302276AB7700714596 = {
						CreatedOnToolsVersion = 10.0;
					};
					F6B62D50223CEF6A0008625E = {
						CreatedOnToolsVersion = 10.0;
					};
					F6B62D5B223CF03E0008625E = {
						CreatedOnToolsVersion = 10.0;
					};
				};
			};
			buildConfigurationList = F69E331B21E19B3900BE1BDB /* Build configuration list for PBXProject "test" */;
			compatibilityVersion = "Xcode 9.3";
			developmentRegion = en;
			hasScannedForEncodings = 0;
			knownRegions = (
				en,
			);
			mainGroup = F69E331721E19B3900BE1BDB;
			productRefGroup = F69E332121E19B3900BE1BDB /* Products */;
			projectDirPath = "";
			projectRoot = "";
			targets = (
				F617BA1C220BAEF0006AB5C7 /* connection-test */,
				F638020D22168B1600BE3902 /* server */,
				F638021822168C5500BE3902 /* client */,
				F6380223221696AD00BE3902 /* web */,
				F6B62D50223CEF6A0008625E /* sock-client */,
				F6B62D5B223CF03E0008625E /* sock-server */,
				F65D01252276A77900714596 /* udp */,
				F65D01302276AB7700714596 /* udp-client */,
			);
		};
/* End PBXProject section */

/* Begin PBXSourcesBuildPhase section */
		F617BA19220BAEF0006AB5C7 /* Sources */ = {
			isa = PBXSourcesBuildPhase;
			buildActionMask = 2147483647;
			files = (
				F617BA20220BAEF0006AB5C7 /* main.cpp in Sources */,
			);
			runOnlyForDeploymentPostprocessing = 0;
		};
		F638020A22168B1600BE3902 /* Sources */ = {
			isa = PBXSourcesBuildPhase;
			buildActionMask = 2147483647;
			files = (
				F638021122168B1600BE3902 /* main.cpp in Sources */,
			);
			runOnlyForDeploymentPostprocessing = 0;
		};
		F638021522168C5500BE3902 /* Sources */ = {
			isa = PBXSourcesBuildPhase;
			buildActionMask = 2147483647;
			files = (
				F638021C22168C5600BE3902 /* main.cpp in Sources */,
			);
			runOnlyForDeploymentPostprocessing = 0;
		};
		F6380220221696AD00BE3902 /* Sources */ = {
			isa = PBXSourcesBuildPhase;
			buildActionMask = 2147483647;
			files = (
				F6380227221696AD00BE3902 /* main.cpp in Sources */,
			);
			runOnlyForDeploymentPostprocessing = 0;
		};
		F65D01222276A77900714596 /* Sources */ = {
			isa = PBXSourcesBuildPhase;
			buildActionMask = 2147483647;
			files = (
				F65D01292276A77900714596 /* main.cpp in Sources */,
			);
			runOnlyForDeploymentPostprocessing = 0;
		};
		F65D012D2276AB7700714596 /* Sources */ = {
			isa = PBXSourcesBuildPhase;
			buildActionMask = 2147483647;
			files = (
				F65D01342276AB7700714596 /* main.cpp in Sources */,
			);
			runOnlyForDeploymentPostprocessing = 0;
		};
		F6B62D4D223CEF6A0008625E /* Sources */ = {
			isa = PBXSourcesBuildPhase;
			buildActionMask = 2147483647;
			files = (
				F6B62D54223CEF6A0008625E /* main.cpp in Sources */,
			);
			runOnlyForDeploymentPostprocessing = 0;
		};
		F6B62D58223CF03E0008625E /* Sources */ = {
			isa = PBXSourcesBuildPhase;
			buildActionMask = 2147483647;
			files = (
				F6B62D5F223CF03E0008625E /* main.cpp in Sources */,
			);
			runOnlyForDeploymentPostprocessing = 0;
		};
/* End PBXSourcesBuildPhase section */

/* Begin XCBuildConfiguration section */
		F617BA21220BAEF0006AB5C7 /* Debug */ = {
			isa = XCBuildConfiguration;
			buildSettings = {
				CODE_SIGN_STYLE = Automatic;
				PRODUCT_NAME = "$(TARGET_NAME)";
			};
			name = Debug;
		};
		F617BA22220BAEF0006AB5C7 /* Release */ = {
			isa = XCBuildConfiguration;
			buildSettings = {
				CODE_SIGN_STYLE = Automatic;
				PRODUCT_NAME = "$(TARGET_NAME)";
			};
			name = Release;
		};
		F638021222168B1600BE3902 /* Debug */ = {
			isa = XCBuildConfiguration;
			buildSettings = {
				CODE_SIGN_STYLE = Automatic;
				PRODUCT_NAME = "$(TARGET_NAME)";
			};
			name = Debug;
		};
		F638021322168B1600BE3902 /* Release */ = {
			isa = XCBuildConfiguration;
			buildSettings = {
				CODE_SIGN_STYLE = Automatic;
				PRODUCT_NAME = "$(TARGET_NAME)";
			};
			name = Release;
		};
		F638021E22168C5600BE3902 /* Debug */ = {
			isa = XCBuildConfiguration;
			buildSettings = {
				CODE_SIGN_STYLE = Automatic;
				PRODUCT_NAME = "$(TARGET_NAME)";
			};
			name = Debug;
		};
		F638021F22168C5600BE3902 /* Release */ = {
			isa = XCBuildConfiguration;
			buildSettings = {
				CODE_SIGN_STYLE = Automatic;
				PRODUCT_NAME = "$(TARGET_NAME)";
			};
			name = Release;
		};
		F6380229221696AD00BE3902 /* Debug */ = {
			isa = XCBuildConfiguration;
			buildSettings = {
				CODE_SIGN_STYLE = Automatic;
				PRODUCT_NAME = "$(TARGET_NAME)";
			};
			name = Debug;
		};
		F638022A221696AD00BE3902 /* Release */ = {
			isa = XCBuildConfiguration;
			buildSettings = {
				CODE_SIGN_STYLE = Automatic;
				PRODUCT_NAME = "$(TARGET_NAME)";
			};
			name = Release;
		};
		F65D012A2276A77900714596 /* Debug */ = {
			isa = XCBuildConfiguration;
			buildSettings = {
				CODE_SIGN_STYLE = Automatic;
				PRODUCT_NAME = "$(TARGET_NAME)";
			};
			name = Debug;
		};
		F65D012B2276A77900714596 /* Release */ = {
			isa = XCBuildConfiguration;
			buildSettings = {
				CODE_SIGN_STYLE = Automatic;
				PRODUCT_NAME = "$(TARGET_NAME)";
			};
			name = Release;
		};
		F65D01362276AB7700714596 /* Debug */ = {
			isa = XCBuildConfiguration;
			buildSettings = {
				CODE_SIGN_STYLE = Automatic;
				PRODUCT_NAME = "$(TARGET_NAME)";
			};
			name = Debug;
		};
		F65D01372276AB7700714596 /* Release */ = {
			isa = XCBuildConfiguration;
			buildSettings = {
				CODE_SIGN_STYLE = Automatic;
				PRODUCT_NAME = "$(TARGET_NAME)";
			};
			name = Release;
		};
		F69E332521E19B3900BE1BDB /* Debug */ = {
			isa = XCBuildConfiguration;
			buildSettings = {
				ALWAYS_SEARCH_USER_PATHS = NO;
				CLANG_ANALYZER_NONNULL = YES;
				CLANG_ANALYZER_NUMBER_OBJECT_CONVERSION = YES_AGGRESSIVE;
				CLANG_CXX_LANGUAGE_STANDARD = "gnu++14";
				CLANG_CXX_LIBRARY = "libc++";
				CLANG_ENABLE_MODULES = YES;
				CLANG_ENABLE_OBJC_ARC = YES;
				CLANG_ENABLE_OBJC_WEAK = YES;
				CLANG_WARN_BLOCK_CAPTURE_AUTORELEASING = YES;
				CLANG_WARN_BOOL_CONVERSION = YES;
				CLANG_WARN_COMMA = YES;
				CLANG_WARN_CONSTANT_CONVERSION = YES;
				CLANG_WARN_DEPRECATED_OBJC_IMPLEMENTATIONS = YES;
				CLANG_WARN_DIRECT_OBJC_ISA_USAGE = YES_ERROR;
				CLANG_WARN_DOCUMENTATION_COMMENTS = YES;
				CLANG_WARN_EMPTY_BODY = YES;
				CLANG_WARN_ENUM_CONVERSION = YES;
				CLANG_WARN_INFINITE_RECURSION = YES;
				CLANG_WARN_INT_CONVERSION = YES;
				CLANG_WARN_NON_LITERAL_NULL_CONVERSION = YES;
				CLANG_WARN_OBJC_IMPLICIT_RETAIN_SELF = YES;
				CLANG_WARN_OBJC_LITERAL_CONVERSION = YES;
				CLANG_WARN_OBJC_ROOT_CLASS = YES_ERROR;
				CLANG_WARN_RANGE_LOOP_ANALYSIS = YES;
				CLANG_WARN_STRICT_PROTOTYPES = YES;
				CLANG_WARN_SUSPICIOUS_MOVE = YES;
				CLANG_WARN_UNGUARDED_AVAILABILITY = YES_AGGRESSIVE;
				CLANG_WARN_UNREACHABLE_CODE = YES;
				CLANG_WARN__DUPLICATE_METHOD_MATCH = YES;
				CODE_SIGN_IDENTITY = "-";
				COPY_PHASE_STRIP = NO;
				DEBUG_INFORMATION_FORMAT = dwarf;
				ENABLE_STRICT_OBJC_MSGSEND = YES;
				ENABLE_TESTABILITY = YES;
				GCC_C_LANGUAGE_STANDARD = gnu11;
				GCC_DYNAMIC_NO_PIC = NO;
				GCC_NO_COMMON_BLOCKS = YES;
				GCC_OPTIMIZATION_LEVEL = 0;
				GCC_PREPROCESSOR_DEFINITIONS = (
					"DEBUG=1",
					"$(inherited)",
				);
				GCC_WARN_64_TO_32_BIT_CONVERSION = YES;
				GCC_WARN_ABOUT_RETURN_TYPE = YES_ERROR;
				GCC_WARN_UNDECLARED_SELECTOR = YES;
				GCC_WARN_UNINITIALIZED_AUTOS = YES_AGGRESSIVE;
				GCC_WARN_UNUSED_FUNCTION = YES;
				GCC_WARN_UNUSED_VARIABLE = YES;
				MACOSX_DEPLOYMENT_TARGET = 10.13;
				MTL_ENABLE_DEBUG_INFO = INCLUDE_SOURCE;
				MTL_FAST_MATH = YES;
				ONLY_ACTIVE_ARCH = YES;
				SDKROOT = macosx;
			};
			name = Debug;
		};
		F69E332621E19B3900BE1BDB /* Release */ = {
			isa = XCBuildConfiguration;
			buildSettings = {
				ALWAYS_SEARCH_USER_PATHS = NO;
				CLANG_ANALYZER_NONNULL = YES;
				CLANG_ANALYZER_NUMBER_OBJECT_CONVERSION = YES_AGGRESSIVE;
				CLANG_CXX_LANGUAGE_STANDARD = "gnu++14";
				CLANG_CXX_LIBRARY = "libc++";
				CLANG_ENABLE_MODULES = YES;
				CLANG_ENABLE_OBJC_ARC = YES;
				CLANG_ENABLE_OBJC_WEAK = YES;
				CLANG_WARN_BLOCK_CAPTURE_AUTORELEASING = YES;
				CLANG_WARN_BOOL_CONVERSION = YES;
				CLANG_WARN_COMMA = YES;
				CLANG_WARN_CONSTANT_CONVERSION = YES;
				CLANG_WARN_DEPRECATED_OBJC_IMPLEMENTATIONS = YES;
				CLANG_WARN_DIRECT_OBJC_ISA_USAGE = YES_ERROR;
				CLANG_WARN_DOCUMENTATION_COMMENTS = YES;
				CLANG_WARN_EMPTY_BODY = YES;
				CLANG_WARN_ENUM_CONVERSION = YES;
				CLANG_WARN_INFINITE_RECURSION = YES;
				CLANG_WARN_INT_CONVERSION = YES;
				CLANG_WARN_NON_LITERAL_NULL_CONVERSION = YES;
				CLANG_WARN_OBJC_IMPLICIT_RETAIN_SELF = YES;
				CLANG_WARN_OBJC_LITERAL_CONVERSION = YES;
				CLANG_WARN_OBJC_ROOT_CLASS = YES_ERROR;
				CLANG_WARN_RANGE_LOOP_ANALYSIS = YES;
				CLANG_WARN_STRICT_PROTOTYPES = YES;
				CLANG_WARN_SUSPICIOUS_MOVE = YES;
				CLANG_WARN_UNGUARDED_AVAILABILITY = YES_AGGRESSIVE;
				CLANG_WARN_UNREACHABLE_CODE = YES;
				CLANG_WARN__DUPLICATE_METHOD_MATCH = YES;
				CODE_SIGN_IDENTITY = "-";
				COPY_PHASE_STRIP = NO;
				DEBUG_INFORMATION_FORMAT = "dwarf-with-dsym";
				ENABLE_NS_ASSERTIONS = NO;
				ENABLE_STRICT_OBJC_MSGSEND = YES;
				GCC_C_LANGUAGE_STANDARD = gnu11;
				GCC_NO_COMMON_BLOCKS = YES;
				GCC_WARN_64_TO_32_BIT_CONVERSION = YES;
				GCC_WARN_ABOUT_RETURN_TYPE = YES_ERROR;
				GCC_WARN_UNDECLARED_SELECTOR = YES;
				GCC_WARN_UNINITIALIZED_AUTOS = YES_AGGRESSIVE;
				GCC_WARN_UNUSED_FUNCTION = YES;
				GCC_WARN_UNUSED_VARIABLE = YES;
				MACOSX_DEPLOYMENT_TARGET = 10.13;
				MTL_ENABLE_DEBUG_INFO = NO;
				MTL_FAST_MATH = YES;
				SDKROOT = macosx;
			};
			name = Release;
		};
		F6B62D55223CEF6A0008625E /* Debug */ = {
			isa = XCBuildConfiguration;
			buildSettings = {
				CODE_SIGN_STYLE = Automatic;
				PRODUCT_NAME = "$(TARGET_NAME)";
			};
			name = Debug;
		};
		F6B62D56223CEF6A0008625E /* Release */ = {
			isa = XCBuildConfiguration;
			buildSettings = {
				CODE_SIGN_STYLE = Automatic;
				PRODUCT_NAME = "$(TARGET_NAME)";
			};
			name = Release;
		};
		F6B62D61223CF03E0008625E /* Debug */ = {
			isa = XCBuildConfiguration;
			buildSettings = {
				CODE_SIGN_STYLE = Automatic;
				PRODUCT_NAME = "$(TARGET_NAME)";
			};
			name = Debug;
		};
		F6B62D62223CF03E0008625E /* Release */ = {
			isa = XCBuildConfiguration;
			buildSettings = {
				CODE_SIGN_STYLE = Automatic;
				PRODUCT_NAME = "$(TARGET_NAME)";
			};
			name = Release;
		};
/* End XCBuildConfiguration section */

/* Begin XCConfigurationList section */
		F617BA23220BAEF0006AB5C7 /* Build configuration list for PBXNativeTarget "connection-test" */ = {
			isa = XCConfigurationList;
			buildConfigurations = (
				F617BA21220BAEF0006AB5C7 /* Debug */,
				F617BA22220BAEF0006AB5C7 /* Release */,
			);
			defaultConfigurationIsVisible = 0;
			defaultConfigurationName = Release;
		};
		F638021422168B1600BE3902 /* Build configuration list for PBXNativeTarget "server" */ = {
			isa = XCConfigurationList;
			buildConfigurations = (
				F638021222168B1600BE3902 /* Debug */,
				F638021322168B1600BE3902 /* Release */,
			);
			defaultConfigurationIsVisible = 0;
			defaultConfigurationName = Release;
		};
		F638021D22168C5600BE3902 /* Build configuration list for PBXNativeTarget "client" */ = {
			isa = XCConfigurationList;
			buildConfigurations = (
				F638021E22168C5600BE3902 /* Debug */,
				F638021F22168C5600BE3902 /* Release */,
			);
			defaultConfigurationIsVisible = 0;
			defaultConfigurationName = Release;
		};
		F6380228221696AD00BE3902 /* Build configuration list for PBXNativeTarget "web" */ = {
			isa = XCConfigurationList;
			buildConfigurations = (
				F6380229221696AD00BE3902 /* Debug */,
				F638022A221696AD00BE3902 /* Release */,
			);
			defaultConfigurationIsVisible = 0;
			defaultConfigurationName = Release;
		};
		F65D012C2276A77900714596 /* Build configuration list for PBXNativeTarget "udp" */ = {
			isa = XCConfigurationList;
			buildConfigurations = (
				F65D012A2276A77900714596 /* Debug */,
				F65D012B2276A77900714596 /* Release */,
			);
			defaultConfigurationIsVisible = 0;
			defaultConfigurationName = Release;
		};
		F65D01352276AB7700714596 /* Build configuration list for PBXNativeTarget "udp-client" */ = {
			isa = XCConfigurationList;
			buildConfigurations = (
				F65D01362276AB7700714596 /* Debug */,
				F65D01372276AB7700714596 /* Release */,
			);
			defaultConfigurationIsVisible = 0;
			defaultConfigurationName = Release;
		};
		F69E331B21E19B3900BE1BDB /* Build configuration list for PBXProject "test" */ = {
			isa = XCConfigurationList;
			buildConfigurations = (
				F69E332521E19B3900BE1BDB /* Debug */,
				F69E332621E19B3900BE1BDB /* Release */,
			);
			defaultConfigurationIsVisible = 0;
			defaultConfigurationName = Release;
		};
		F6B62D57223CEF6A0008625E /* Build configuration list for PBXNativeTarget "sock-client" */ = {
			isa = XCConfigurationList;
			buildConfigurations = (
				F6B62D55223CEF6A0008625E /* Debug */,
				F6B62D56223CEF6A0008625E /* Release */,
			);
			defaultConfigurationIsVisible = 0;
			defaultConfigurationName = Release;
		};
		F6B62D60223CF03E0008625E /* Build configuration list for PBXNativeTarget "sock-server" */ = {
			isa = XCConfigurationList;
			buildConfigurations = (
				F6B62D61223CF03E0008625E /* Debug */,
				F6B62D62223CF03E0008625E /* Release */,
			);
			defaultConfigurationIsVisible = 0;
			defaultConfigurationName = Release;
		};
/* End XCConfigurationList section */
	};
	rootObject = F69E331821E19B3900BE1BDB /* Project object */;
}
